
Microsoft Visual Studio Solution File, Format Version 12.00
# Visual Studio Version 17
VisualStudioVersion = 17.0.31903.59
MinimumVisualStudioVersion = 10.0.40219.1
Project("{9A19103F-16F7-4668-BE54-9A1E7A4F7556}") = "ClosureTable", "ClosureTable\ClosureTable.csproj", "{AF19964E-B8BC-49EC-91EB-615142C304CB}"
EndProject
Project("{9A19103F-16F7-4668-BE54-9A1E7A4F7556}") = "ClosureTable.Infrastructure", "ClosureTable.Infrastructure\ClosureTable.Infrastructure.csproj", "{9F2B3E4E-898A-46B6-B860-47CAE77B4355}"
EndProject
Project("{9A19103F-16F7-4668-BE54-9A1E7A4F7556}") = "ClosureTable.Infrastructure.SqlServer", "ClosureTable.Infrastructure.SqlServer\ClosureTable.Infrastructure.SqlServer.csproj", "{7A7E5160-AAAE-400C-BBB2-A9B1331D34CF}"
EndProject
Project("{9A19103F-16F7-4668-BE54-9A1E7A4F7556}") = "ClosureTable.Infrastructure.Tests", "ClosureTable.Infrastructure.Tests\ClosureTable.Infrastructure.Tests.csproj", "{470FFAD2-CA60-4F2D-99F6-3F4B6DAAC0C8}"
EndProject
Project("{9A19103F-16F7-4668-BE54-9A1E7A4F7556}") = "ClosureTable.Infrastructure.Tests.SqlServer", "ClosureTable.Infrastructure.Tests.SqlServer\ClosureTable.Infrastructure.Tests.SqlServer.csproj", "{075659B8-B9F9-43F3-92F3-05F87852EAA7}"
EndProject
Project("{2150E333-8FDC-42A3-9474-1A3956D46DE8}") = "Solution Items", "Solution Items", "{B1C79848-2274-44EB-86D6-2196143DE645}"
	ProjectSection(SolutionItems) = preProject
		..\README.md = ..\README.md
	EndProjectSection
EndProject
Global
	GlobalSection(SolutionConfigurationPlatforms) = preSolution
		Debug|Any CPU = Debug|Any CPU
		Release|Any CPU = Release|Any CPU
	EndGlobalSection
	GlobalSection(ProjectConfigurationPlatforms) = postSolution
		{AF19964E-B8BC-49EC-91EB-615142C304CB}.Debug|Any CPU.ActiveCfg = Debug|Any CPU
		{AF19964E-B8BC-49EC-91EB-615142C304CB}.Debug|Any CPU.Build.0 = Debug|Any CPU
		{AF19964E-B8BC-49EC-91EB-615142C304CB}.Release|Any CPU.ActiveCfg = Release|Any CPU
		{AF19964E-B8BC-49EC-91EB-615142C304CB}.Release|Any CPU.Build.0 = Release|Any CPU
		{9F2B3E4E-898A-46B6-B860-47CAE77B4355}.Debug|Any CPU.ActiveCfg = Debug|Any CPU
		{9F2B3E4E-898A-46B6-B860-47CAE77B4355}.Debug|Any CPU.Build.0 = Debug|Any CPU
		{9F2B3E4E-898A-46B6-B860-47CAE77B4355}.Release|Any CPU.ActiveCfg = Release|Any CPU
		{9F2B3E4E-898A-46B6-B860-47CAE77B4355}.Release|Any CPU.Build.0 = Release|Any CPU
		{7A7E5160-AAAE-400C-BBB2-A9B1331D34CF}.Debug|Any CPU.ActiveCfg = Debug|Any CPU
		{7A7E5160-AAAE-400C-BBB2-A9B1331D34CF}.Debug|Any CPU.Build.0 = Debug|Any CPU
		{7A7E5160-AAAE-400C-BBB2-A9B1331D34CF}.Release|Any CPU.ActiveCfg = Release|Any CPU
		{7A7E5160-AAAE-400C-BBB2-A9B1331D34CF}.Release|Any CPU.Build.0 = Release|Any CPU
		{470FFAD2-CA60-4F2D-99F6-3F4B6DAAC0C8}.Debug|Any CPU.ActiveCfg = Debug|Any CPU
		{470FFAD2-CA60-4F2D-99F6-3F4B6DAAC0C8}.Debug|Any CPU.Build.0 = Debug|Any CPU
		{470FFAD2-CA60-4F2D-99F6-3F4B6DAAC0C8}.Release|Any CPU.ActiveCfg = Release|Any CPU
		{470FFAD2-CA60-4F2D-99F6-3F4B6DAAC0C8}.Release|Any CPU.Build.0 = Release|Any CPU
		{075659B8-B9F9-43F3-92F3-05F87852EAA7}.Debug|Any CPU.ActiveCfg = Debug|Any CPU
		{075659B8-B9F9-43F3-92F3-05F87852EAA7}.Debug|Any CPU.Build.0 = Debug|Any CPU
		{075659B8-B9F9-43F3-92F3-05F87852EAA7}.Release|Any CPU.ActiveCfg = Release|Any CPU
		{075659B8-B9F9-43F3-92F3-05F87852EAA7}.Release|Any CPU.Build.0 = Release|Any CPU
	EndGlobalSection
	GlobalSection(SolutionProperties) = preSolution
		HideSolutionNode = FALSE
	EndGlobalSection
	GlobalSection(ExtensibilityGlobals) = postSolution
		SolutionGuid = {92EA63B5-4B2A-4E14-96D1-0A0CCC8F6F43}
	EndGlobalSection
EndGlobal
